PODS:
  - IQKeyboardManager (6.1.1)
  - Masonry (1.1.0)
  - MJExtension (3.0.15.1)
  - SDWebImage (4.4.2):
    - SDWebImage/Core (= 4.4.2)
  - SDWebImage/Core (4.4.2)
  - SGPagingView (1.5.5)
  - SVProgressHUD (2.2.5)
  - WRNavigationBar (1.2.0)

DEPENDENCIES:
  - IQKeyboardManager
  - Masonry
  - MJExtension
  - SDWebImage
  - SGPagingView (~> 1.5.5)
  - SVProgressHUD
  - WRNavigationBar (~> 1.2.0)

SPEC REPOS:
  https://github.com/cocoapods/specs.git:
    - IQKeyboardManager
    - Masonry
    - MJExtension
    - SDWebImage
    - SGPagingView
    - SVProgressHUD
    - WRNavigationBar

SPEC CHECKSUMS:
  IQKeyboardManager: 79c57795f5c2408d259d37b9da2ed07efcbb5225
  Masonry: 678fab65091a9290e40e2832a55e7ab731aad201
  MJExtension: 19bc33ce2eee2d319760f5622562cf581a6ff756
  SDWebImage: 624d6e296c69b244bcede364c72ae0430ac14681
  SGPagingView: 8054435c0149cf907ad3d515bc75e0ee9575216c
  SVProgressHUD: 1428aafac632c1f86f62aa4243ec12008d7a51d6
  WRNavigationBar: dc952230effbb646785f962587caaac06c60f229

PODFILE CHECKSUM: 65f41fe2a9da40a7eed8bcd84eadf2542b544fa8

COCOAPODS: 1.5.3
